{
  "version": "2",
  "remote": {
    "https://cdn.deno.land/yargs/versions/yargs-v16.2.1-deno/raw/build/lib/argsert.js": "eb085555452eac3ff300935994a42f35d16e04cf698cb775cb5ad4f5653c0627",
    "https://cdn.deno.land/yargs/versions/yargs-v16.2.1-deno/raw/build/lib/command.js": "8c68e927836ba8f95838ccfb9d8d7568e02b3c615d5bf7591404a145d8e269a7",
    "https://cdn.deno.land/yargs/versions/yargs-v16.2.1-deno/raw/build/lib/completion-templates.js": "08b7f8ab567ea38caeda006078e04a337783a0937f8a6ef64c3b7ef790cfa682",
    "https://cdn.deno.land/yargs/versions/yargs-v16.2.1-deno/raw/build/lib/completion.js": "b043e8de9b76d795ae4905dcc351e87fb4871b6971b369b8feabff55171d92c9",
    "https://cdn.deno.land/yargs/versions/yargs-v16.2.1-deno/raw/build/lib/middleware.js": "bdbb296606f4b02bb13db0026d8874feb76da5c77139cce375f475e9ae3d7edd",
    "https://cdn.deno.land/yargs/versions/yargs-v16.2.1-deno/raw/build/lib/parse-command.js": "327242c0afae207b7aefa13133439e3b321d7db4229febc5b7bd5285770ac7f7",
    "https://cdn.deno.land/yargs/versions/yargs-v16.2.1-deno/raw/build/lib/typings/common-types.js": "9618b81a86acb88a61fd9988e9bc3ec21c5250d94fc2231ba7d898e71500789d",
    "https://cdn.deno.land/yargs/versions/yargs-v16.2.1-deno/raw/build/lib/usage.js": "72c0d7cd8b1f52649dec48ebae60e202f8256451e302f27082beee9de56536a5",
    "https://cdn.deno.land/yargs/versions/yargs-v16.2.1-deno/raw/build/lib/utils/apply-extends.js": "64640dce92669705abead3bdbe2c46c8318c8623843a55e4726fb3c55ff9dd1d",
    "https://cdn.deno.land/yargs/versions/yargs-v16.2.1-deno/raw/build/lib/utils/is-promise.js": "be45baa3090c5106dd4e442cceef6b357a268783a2ee28ec10fe131a8cd8db72",
    "https://cdn.deno.land/yargs/versions/yargs-v16.2.1-deno/raw/build/lib/utils/levenshtein.js": "fd6ae59fbd2899b841fbb8e030187fc9568db581418d6a1eea4edb33743405b9",
    "https://cdn.deno.land/yargs/versions/yargs-v16.2.1-deno/raw/build/lib/utils/obj-filter.js": "5523fb2288d1e86ed48c460e176770b49587554df4ae2405b468c093786b040b",
    "https://cdn.deno.land/yargs/versions/yargs-v16.2.1-deno/raw/build/lib/utils/set-blocking.js": "6fa8ffc3299f456e42902736bae35fbc1f2dc96b3905a02ba9629f5bd9f80af1",
    "https://cdn.deno.land/yargs/versions/yargs-v16.2.1-deno/raw/build/lib/utils/which-module.js": "9267633b2c9f8990b2c699101b641e59ae59932e0dee5270613c0508bfa13c5d",
    "https://cdn.deno.land/yargs/versions/yargs-v16.2.1-deno/raw/build/lib/validation.js": "e14df68831afef5dbaadeee47909eb5c8188d9f1410eed0e4d9bcafbe7c4b0bb",
    "https://cdn.deno.land/yargs/versions/yargs-v16.2.1-deno/raw/build/lib/yargs-factory.js": "368d031c2ffebd5e2a19328b332b31b52336381f8d7a2a0738f237591dcf28c5",
    "https://cdn.deno.land/yargs/versions/yargs-v16.2.1-deno/raw/build/lib/yerror.js": "1d9dead374fe06c8f13f2e4adafc002b8a15682b7185abf29638f1be96fd9dfc",
    "https://cdn.deno.land/yargs/versions/yargs-v16.2.1-deno/raw/deno.ts": "1b84da2e06364c51802dc095d610355af5dc6df3ad73bb9c7f7c6a4481bb9c20",
    "https://cdn.deno.land/yargs/versions/yargs-v16.2.1-deno/raw/lib/platform-shims/deno.ts": "cf359837c56aed5f691f24f512387e374a3dd7d005668e68f097eedfcdf42702",
    "https://deno.land/std@0.135.0/fmt/colors.ts": "30455035d6d728394781c10755351742dd731e3db6771b1843f9b9e490104d37",
    "https://deno.land/std@0.146.0/_util/assert.ts": "e94f2eb37cebd7f199952e242c77654e43333c1ac4c5c700e929ea3aa5489f74",
    "https://deno.land/std@0.146.0/_util/os.ts": "3b4c6e27febd119d36a416d7a97bd3b0251b77c88942c8f16ee5953ea13e2e49",
    "https://deno.land/std@0.146.0/path/_constants.ts": "df1db3ffa6dd6d1252cc9617e5d72165cd2483df90e93833e13580687b6083c3",
    "https://deno.land/std@0.146.0/path/_interface.ts": "ee3b431a336b80cf445441109d089b70d87d5e248f4f90ff906820889ecf8d09",
    "https://deno.land/std@0.146.0/path/_util.ts": "c1e9686d0164e29f7d880b2158971d805b6e0efc3110d0b3e24e4b8af2190d2b",
    "https://deno.land/std@0.146.0/path/common.ts": "bee563630abd2d97f99d83c96c2fa0cca7cee103e8cb4e7699ec4d5db7bd2633",
    "https://deno.land/std@0.146.0/path/glob.ts": "cb5255638de1048973c3e69e420c77dc04f75755524cb3b2e160fe9277d939ee",
    "https://deno.land/std@0.146.0/path/mod.ts": "4945b430b759b0b3d98f2a278542cbcf95e0ad2bd8eaaed3c67322b306b2b346",
    "https://deno.land/std@0.146.0/path/posix.ts": "c1f7afe274290ea0b51da07ee205653b2964bd74909a82deb07b69a6cc383aaa",
    "https://deno.land/std@0.146.0/path/separator.ts": "fe1816cb765a8068afb3e8f13ad272351c85cbc739af56dacfc7d93d710fe0f9",
    "https://deno.land/std@0.146.0/path/win32.ts": "bd7549042e37879c68ff2f8576a25950abbfca1d696d41d82c7bca0b7e6f452c",
    "https://deno.land/std@0.164.0/_util/asserts.ts": "d0844e9b62510f89ce1f9878b046f6a57bf88f208a10304aab50efcb48365272",
    "https://deno.land/std@0.164.0/_util/os.ts": "8a33345f74990e627b9dfe2de9b040004b08ea5146c7c9e8fe9a29070d193934",
    "https://deno.land/std@0.164.0/fmt/colors.ts": "9e36a716611dcd2e4865adea9c4bec916b5c60caad4cdcdc630d4974e6bb8bd4",
    "https://deno.land/std@0.164.0/fmt/printf.ts": "111a4df40a81799da778421ae0260f278e5d79877e30e92403cd57d197a8d1b0",
    "https://deno.land/std@0.164.0/path/_constants.ts": "df1db3ffa6dd6d1252cc9617e5d72165cd2483df90e93833e13580687b6083c3",
    "https://deno.land/std@0.164.0/path/_interface.ts": "ee3b431a336b80cf445441109d089b70d87d5e248f4f90ff906820889ecf8d09",
    "https://deno.land/std@0.164.0/path/_util.ts": "d16be2a16e1204b65f9d0dfc54a9bc472cafe5f4a190b3c8471ec2016ccd1677",
    "https://deno.land/std@0.164.0/path/common.ts": "bee563630abd2d97f99d83c96c2fa0cca7cee103e8cb4e7699ec4d5db7bd2633",
    "https://deno.land/std@0.164.0/path/glob.ts": "cb5255638de1048973c3e69e420c77dc04f75755524cb3b2e160fe9277d939ee",
    "https://deno.land/std@0.164.0/path/mod.ts": "56fec03ad0ebd61b6ab39ddb9b0ddb4c4a5c9f2f4f632e09dd37ec9ebfd722ac",
    "https://deno.land/std@0.164.0/path/posix.ts": "6b63de7097e68c8663c84ccedc0fd977656eb134432d818ecd3a4e122638ac24",
    "https://deno.land/std@0.164.0/path/separator.ts": "fe1816cb765a8068afb3e8f13ad272351c85cbc739af56dacfc7d93d710fe0f9",
    "https://deno.land/std@0.164.0/path/win32.ts": "7cebd2bda6657371adc00061a1d23fdd87bcdf64b4843bb148b0b24c11b40f69",
    "https://deno.land/std@0.164.0/testing/_diff.ts": "a23e7fc2b4d8daa3e158fa06856bedf5334ce2a2831e8bf9e509717f455adb2c",
    "https://deno.land/std@0.164.0/testing/_format.ts": "cd11136e1797791045e639e9f0f4640d5b4166148796cad37e6ef75f7d7f3832",
    "https://deno.land/std@0.164.0/testing/asserts.ts": "1e340c589853e82e0807629ba31a43c84ebdcdeca910c4a9705715dfdb0f5ce8",
    "https://deno.land/x/clear@v1.3.0/mod.ts": "9abc2ed62e12fa2d9ef31bb8a7b6108f4dff1a52afab96dd4d9fc0272cb5f83d",
    "https://deno.land/x/cli_spinners@v0.0.2/mod.ts": "0571728c3855547cb9cc2a608720d0b60b6e42a4ad5029156dddd7426227e2fa",
    "https://deno.land/x/cli_spinners@v0.0.2/spinner.ts": "ce0bff04b15f84b1b0a1be981d0492a1122ab0e069bd7e64d9015fa4d43d43ac",
    "https://deno.land/x/cli_spinners@v0.0.2/spinners.ts": "14f0423feb65235f0ae2ed2dbc4b8206e36c1d0043c508440f94ac0ee940263f",
    "https://deno.land/x/cli_spinners@v0.0.2/util.ts": "b1c354a0bbdcf61aba4d29dedf0a5fdf021c9aaf5d838b16a199ca29cba862db",
    "https://deno.land/x/cliui@v7.0.4-deno/build/lib/index.d.ts": "4f04923352ce24027ad6fe25c85249e0b0cc5c29fe18d62024d004c59d9e41ee",
    "https://deno.land/x/cliui@v7.0.4-deno/build/lib/index.js": "fb6030c7b12602a4fca4d81de3ddafa301ba84fd9df73c53de6f3bdda7b482d5",
    "https://deno.land/x/cliui@v7.0.4-deno/build/lib/string-utils.js": "b3eb9d2e054a43a3064af17332fb1839a7dadb205c5371af4789616afb1a117f",
    "https://deno.land/x/cliui@v7.0.4-deno/deno.ts": "d07bc3338661f8011e3a5fd215061d17a52107a5383c29f40ce0c1ecb8bb8cc3",
    "https://deno.land/x/escalade@v3.0.3/sync.ts": "493bc66563292c5c10c4a75a467a5933f24dad67d74b0f5a87e7b988fe97c104",
    "https://deno.land/x/y18n@v5.0.0-deno/build/lib/index.d.ts": "11f40d97041eb271cc1a1c7b296c6e7a068d4843759575e7416f0d14ebf8239c",
    "https://deno.land/x/y18n@v5.0.0-deno/build/lib/index.js": "92c4624714aa508d33c6d21c0b0ffa072369a8b306e5f8c7727662f570bbd026",
    "https://deno.land/x/y18n@v5.0.0-deno/deno.ts": "80997f0709a0b43d29931e2b33946f2bbc32b13fd82f80a5409628455427e28d",
    "https://deno.land/x/y18n@v5.0.0-deno/lib/platform-shims/deno.ts": "8fa2c96ac03734966260cfd2c5bc240e41725c913e5b64a0297aede09f52b39d",
    "https://deno.land/x/yargs@v17.6.2-deno/deno-types.ts": "62f5c61899c6da491890c8c84fd9580cfbfa2a83f5a70f6dc74727bbfb148623",
    "https://deno.land/x/yargs_parser@v20.2.4-deno/build/lib/string-utils.js": "12fc056b23703bc370aae5b179dc5abee53fca277abc30eaf76f78d2546d6413",
    "https://deno.land/x/yargs_parser@v20.2.4-deno/build/lib/tokenize-arg-string.js": "7e0875b11795b8e217386e45f14b24a6e501ebbc62e15aa469aa8829d4d0ee61",
    "https://deno.land/x/yargs_parser@v20.2.4-deno/build/lib/yargs-parser-types.d.ts": "434deb76c6632b3b6cbc4c6f153f8aca04e06055ae9c6b24b40218cbc42688d9",
    "https://deno.land/x/yargs_parser@v20.2.4-deno/build/lib/yargs-parser.js": "453200a7dfbb002e605d8009b7dad30f2b1d93665e046ab89c073a4fe63dfd48",
    "https://deno.land/x/yargs_parser@v20.2.4-deno/deno.ts": "ad53c0c82c3982c4fc5be9472384b259e0a32ce1f7ae0f68de7b2445df5642fc"
  },
  "npm": {
    "specifiers": { "lodash": "lodash@4.17.21" },
    "packages": {
      "lodash@4.17.21": {
        "integrity": "sha512-v2kDEe57lecTulaDIuNTPy3Ry4gLGJ6Z1O3vE1krgXZNrsQ+LFTGHVxVjcXPs17LhbZVGedAJv8XZ1tvj5FvSg==",
        "dependencies": {}
      }
    }
  }
}
